// !$*UTF8*$!
{
	archiveVersion = 1;
	classes = {
	};
	objectVersion = 56;
	objects = {

/* Begin PBXBuildFile section */
		3F9935DE2B690CC200992403 /* HomeView.swift in Sources */ = {isa = PBXBuildFile; fileRef = 3F9935DD2B690CC200992403 /* HomeView.swift */; };
		3F9935E22B6A389A00992403 /* SearchTextField.swift in Sources */ = {isa = PBXBuildFile; fileRef = 3F9935E12B6A389A00992403 /* SearchTextField.swift */; };
		3F9935E52B6A466A00992403 /* ScrollLiveDoctorsView.swift in Sources */ = {isa = PBXBuildFile; fileRef = 3F9935E42B6A466A00992403 /* ScrollLiveDoctorsView.swift */; };
		3F9935EA2B6A48C100992403 /* ScrollLiveDoctors.swift in Sources */ = {isa = PBXBuildFile; fileRef = 3F9935E92B6A48C100992403 /* ScrollLiveDoctors.swift */; };
		3F9935EE2B6A5A8E00992403 /* ScrollTopics.swift in Sources */ = {isa = PBXBuildFile; fileRef = 3F9935ED2B6A5A8E00992403 /* ScrollTopics.swift */; };
		3F9935F12B6A5EAB00992403 /* Topic1.swift in Sources */ = {isa = PBXBuildFile; fileRef = 3F9935F02B6A5EAB00992403 /* Topic1.swift */; };
		3F9935F32B6B90D100992403 /* ScrollPopularDoctor.swift in Sources */ = {isa = PBXBuildFile; fileRef = 3F9935F22B6B90D100992403 /* ScrollPopularDoctor.swift */; };
		3F9935F72B6B92D400992403 /* PopularDoctor.swift in Sources */ = {isa = PBXBuildFile; fileRef = 3F9935F62B6B92D400992403 /* PopularDoctor.swift */; };
		3F9935FC2B6B9BCF00992403 /* TabBar.swift in Sources */ = {isa = PBXBuildFile; fileRef = 3F9935FB2B6B9BCF00992403 /* TabBar.swift */; };
		3FDE25212B6253C800720449 /* StringConstants.swift in Sources */ = {isa = PBXBuildFile; fileRef = 3FDE25202B6253C800720449 /* StringConstants.swift */; };
		3FDE25262B62588200720449 /* Font+Extension.swift in Sources */ = {isa = PBXBuildFile; fileRef = 3FDE25252B62588200720449 /* Font+Extension.swift */; };
		3FDE252B2B62787B00720449 /* LinkButton.swift in Sources */ = {isa = PBXBuildFile; fileRef = 3FDE252A2B62787B00720449 /* LinkButton.swift */; };
		3FDE252D2B627B9A00720449 /* LoginButton.swift in Sources */ = {isa = PBXBuildFile; fileRef = 3FDE252C2B627B9A00720449 /* LoginButton.swift */; };
		3FDE252F2B627D0000720449 /* TextButton.swift in Sources */ = {isa = PBXBuildFile; fileRef = 3FDE252E2B627D0000720449 /* TextButton.swift */; };
		3FDE25322B627FEF00720449 /* LoginTextField.swift in Sources */ = {isa = PBXBuildFile; fileRef = 3FDE25312B627FEF00720449 /* LoginTextField.swift */; };
		3FDE25342B62803300720449 /* PasswordTextField.swift in Sources */ = {isa = PBXBuildFile; fileRef = 3FDE25332B62803300720449 /* PasswordTextField.swift */; };
		3FDE25372B63A3BE00720449 /* Title.swift in Sources */ = {isa = PBXBuildFile; fileRef = 3FDE25362B63A3BE00720449 /* Title.swift */; };
		3FDE25392B63A73E00720449 /* SubTitle.swift in Sources */ = {isa = PBXBuildFile; fileRef = 3FDE25382B63A73E00720449 /* SubTitle.swift */; };
		3FDE25402B63B93D00720449 /* backgroundLogin.swift in Sources */ = {isa = PBXBuildFile; fileRef = 3FDE253F2B63B93D00720449 /* backgroundLogin.swift */; };
		3FDE25452B67A48900720449 /* LoginViewModel.swift in Sources */ = {isa = PBXBuildFile; fileRef = 3FDE25442B67A48900720449 /* LoginViewModel.swift */; };
		3FE7D8DF2B6CDB4B00795D70 /* HomeTitle.swift in Sources */ = {isa = PBXBuildFile; fileRef = 3FE7D8DE2B6CDB4B00795D70 /* HomeTitle.swift */; };
		3FEE0FC72B5FD7E200E75F2F /* TestApp.swift in Sources */ = {isa = PBXBuildFile; fileRef = 3FEE0FC62B5FD7E200E75F2F /* TestApp.swift */; };
		3FEE0FC92B5FD7E200E75F2F /* LoginView.swift in Sources */ = {isa = PBXBuildFile; fileRef = 3FEE0FC82B5FD7E200E75F2F /* LoginView.swift */; };
		3FEE0FCB2B5FD7E400E75F2F /* Assets.xcassets in Resources */ = {isa = PBXBuildFile; fileRef = 3FEE0FCA2B5FD7E400E75F2F /* Assets.xcassets */; };
		3FEE0FCE2B5FD7E400E75F2F /* Preview Assets.xcassets in Resources */ = {isa = PBXBuildFile; fileRef = 3FEE0FCD2B5FD7E400E75F2F /* Preview Assets.xcassets */; };
/* End PBXBuildFile section */

/* Begin PBXFileReference section */
		3F9935DD2B690CC200992403 /* HomeView.swift */ = {isa = PBXFileReference; lastKnownFileType = sourcecode.swift; path = HomeView.swift; sourceTree = "<group>"; };
		3F9935E12B6A389A00992403 /* SearchTextField.swift */ = {isa = PBXFileReference; lastKnownFileType = sourcecode.swift; path = SearchTextField.swift; sourceTree = "<group>"; };
		3F9935E42B6A466A00992403 /* ScrollLiveDoctorsView.swift */ = {isa = PBXFileReference; lastKnownFileType = sourcecode.swift; path = ScrollLiveDoctorsView.swift; sourceTree = "<group>"; };
		3F9935E92B6A48C100992403 /* ScrollLiveDoctors.swift */ = {isa = PBXFileReference; lastKnownFileType = sourcecode.swift; path = ScrollLiveDoctors.swift; sourceTree = "<group>"; };
		3F9935ED2B6A5A8E00992403 /* ScrollTopics.swift */ = {isa = PBXFileReference; lastKnownFileType = sourcecode.swift; path = ScrollTopics.swift; sourceTree = "<group>"; };
		3F9935F02B6A5EAB00992403 /* Topic1.swift */ = {isa = PBXFileReference; lastKnownFileType = sourcecode.swift; path = Topic1.swift; sourceTree = "<group>"; };
		3F9935F22B6B90D100992403 /* ScrollPopularDoctor.swift */ = {isa = PBXFileReference; lastKnownFileType = sourcecode.swift; path = ScrollPopularDoctor.swift; sourceTree = "<group>"; };
		3F9935F62B6B92D400992403 /* PopularDoctor.swift */ = {isa = PBXFileReference; lastKnownFileType = sourcecode.swift; path = PopularDoctor.swift; sourceTree = "<group>"; };
		3F9935FB2B6B9BCF00992403 /* TabBar.swift */ = {isa = PBXFileReference; lastKnownFileType = sourcecode.swift; path = TabBar.swift; sourceTree = "<group>"; };
		3FDE25202B6253C800720449 /* StringConstants.swift */ = {isa = PBXFileReference; lastKnownFileType = sourcecode.swift; path = StringConstants.swift; sourceTree = "<group>"; };
		3FDE25252B62588200720449 /* Font+Extension.swift */ = {isa = PBXFileReference; lastKnownFileType = sourcecode.swift; path = "Font+Extension.swift"; sourceTree = "<group>"; };
		3FDE252A2B62787B00720449 /* LinkButton.swift */ = {isa = PBXFileReference; lastKnownFileType = sourcecode.swift; path = LinkButton.swift; sourceTree = "<group>"; };
		3FDE252C2B627B9A00720449 /* LoginButton.swift */ = {isa = PBXFileReference; lastKnownFileType = sourcecode.swift; path = LoginButton.swift; sourceTree = "<group>"; };
		3FDE252E2B627D0000720449 /* TextButton.swift */ = {isa = PBXFileReference; lastKnownFileType = sourcecode.swift; path = TextButton.swift; sourceTree = "<group>"; };
		3FDE25312B627FEF00720449 /* LoginTextField.swift */ = {isa = PBXFileReference; lastKnownFileType = sourcecode.swift; path = LoginTextField.swift; sourceTree = "<group>"; };
		3FDE25332B62803300720449 /* PasswordTextField.swift */ = {isa = PBXFileReference; lastKnownFileType = sourcecode.swift; path = PasswordTextField.swift; sourceTree = "<group>"; };
		3FDE25362B63A3BE00720449 /* Title.swift */ = {isa = PBXFileReference; lastKnownFileType = sourcecode.swift; path = Title.swift; sourceTree = "<group>"; };
		3FDE25382B63A73E00720449 /* SubTitle.swift */ = {isa = PBXFileReference; lastKnownFileType = sourcecode.swift; path = SubTitle.swift; sourceTree = "<group>"; };
		3FDE253F2B63B93D00720449 /* backgroundLogin.swift */ = {isa = PBXFileReference; lastKnownFileType = sourcecode.swift; path = backgroundLogin.swift; sourceTree = "<group>"; };
		3FDE25442B67A48900720449 /* LoginViewModel.swift */ = {isa = PBXFileReference; lastKnownFileType = sourcecode.swift; path = LoginViewModel.swift; sourceTree = "<group>"; };
		3FE7D8DE2B6CDB4B00795D70 /* HomeTitle.swift */ = {isa = PBXFileReference; lastKnownFileType = sourcecode.swift; path = HomeTitle.swift; sourceTree = "<group>"; };
		3FEE0FC32B5FD7E200E75F2F /* Test.app */ = {isa = PBXFileReference; explicitFileType = wrapper.application; includeInIndex = 0; path = Test.app; sourceTree = BUILT_PRODUCTS_DIR; };
		3FEE0FC62B5FD7E200E75F2F /* TestApp.swift */ = {isa = PBXFileReference; lastKnownFileType = sourcecode.swift; path = TestApp.swift; sourceTree = "<group>"; };
		3FEE0FC82B5FD7E200E75F2F /* LoginView.swift */ = {isa = PBXFileReference; lastKnownFileType = sourcecode.swift; path = LoginView.swift; sourceTree = "<group>"; };
		3FEE0FCA2B5FD7E400E75F2F /* Assets.xcassets */ = {isa = PBXFileReference; lastKnownFileType = folder.assetcatalog; path = Assets.xcassets; sourceTree = "<group>"; };
		3FEE0FCD2B5FD7E400E75F2F /* Preview Assets.xcassets */ = {isa = PBXFileReference; lastKnownFileType = folder.assetcatalog; path = "Preview Assets.xcassets"; sourceTree = "<group>"; };
/* End PBXFileReference section */

/* Begin PBXFrameworksBuildPhase section */
		3FEE0FC02B5FD7E200E75F2F /* Frameworks */ = {
			isa = PBXFrameworksBuildPhase;
			buildActionMask = 2147483647;
			files = (
			);
			runOnlyForDeploymentPostprocessing = 0;
		};
/* End PBXFrameworksBuildPhase section */

/* Begin PBXGroup section */
		3F9935E32B6A45AD00992403 /* ListItems */ = {
			isa = PBXGroup;
			children = (
				3F9935EF2B6A5E8500992403 /* Topics */,
				3F9935E42B6A466A00992403 /* ScrollLiveDoctorsView.swift */,
			);
			path = ListItems;
			sourceTree = "<group>";
		};
		3F9935E62B6A483D00992403 /* HomeViewModel */ = {
			isa = PBXGroup;
			children = (
				3F9935E92B6A48C100992403 /* ScrollLiveDoctors.swift */,
				3F9935ED2B6A5A8E00992403 /* ScrollTopics.swift */,
				3F9935F22B6B90D100992403 /* ScrollPopularDoctor.swift */,
			);
			path = HomeViewModel;
			sourceTree = "<group>";
		};
		3F9935EF2B6A5E8500992403 /* Topics */ = {
			isa = PBXGroup;
			children = (
				3F9935F02B6A5EAB00992403 /* Topic1.swift */,
				3F9935F62B6B92D400992403 /* PopularDoctor.swift */,
			);
			path = Topics;
			sourceTree = "<group>";
		};
		3F9935FA2B6B9BBD00992403 /* TabBar */ = {
			isa = PBXGroup;
			children = (
				3F9935FB2B6B9BCF00992403 /* TabBar.swift */,
			);
			path = TabBar;
			sourceTree = "<group>";
		};
		3FDE25222B6256B000720449 /* Screens */ = {
			isa = PBXGroup;
			children = (
				3FEE0FC82B5FD7E200E75F2F /* LoginView.swift */,
				3F9935DD2B690CC200992403 /* HomeView.swift */,
			);
			path = Screens;
			sourceTree = "<group>";
		};
		3FDE25232B6256C000720449 /* Support */ = {
			isa = PBXGroup;
			children = (
				3FDE25202B6253C800720449 /* StringConstants.swift */,
			);
			path = Support;
			sourceTree = "<group>";
		};
		3FDE25242B62585F00720449 /* Extensions */ = {
			isa = PBXGroup;
			children = (
				3FDE25252B62588200720449 /* Font+Extension.swift */,
			);
			path = Extensions;
			sourceTree = "<group>";
		};
		3FDE25272B6277A700720449 /* UI */ = {
			isa = PBXGroup;
			children = (
				3F9935E32B6A45AD00992403 /* ListItems */,
				3FDE25282B6277F600720449 /* Components */,
			);
			path = UI;
			sourceTree = "<group>";
		};
		3FDE25282B6277F600720449 /* Components */ = {
			isa = PBXGroup;
			children = (
				3FE7D8D92B6CDAA600795D70 /* HomeView */,
				3FDE253A2B63B85A00720449 /* BBackground */,
				3FDE25352B63A38B00720449 /* Texts */,
				3FDE25302B627FC700720449 /* Fields */,
				3FDE25292B62783600720449 /* BButtons */,
			);
			path = Components;
			sourceTree = "<group>";
		};
		3FDE25292B62783600720449 /* BButtons */ = {
			isa = PBXGroup;
			children = (
				3FDE252A2B62787B00720449 /* LinkButton.swift */,
				3FDE252C2B627B9A00720449 /* LoginButton.swift */,
				3FDE252E2B627D0000720449 /* TextButton.swift */,
			);
			path = BButtons;
			sourceTree = "<group>";
		};
		3FDE25302B627FC700720449 /* Fields */ = {
			isa = PBXGroup;
			children = (
				3FDE25312B627FEF00720449 /* LoginTextField.swift */,
				3FDE25332B62803300720449 /* PasswordTextField.swift */,
				3F9935E12B6A389A00992403 /* SearchTextField.swift */,
			);
			path = Fields;
			sourceTree = "<group>";
		};
		3FDE25352B63A38B00720449 /* Texts */ = {
			isa = PBXGroup;
			children = (
				3FDE25362B63A3BE00720449 /* Title.swift */,
				3FDE25382B63A73E00720449 /* SubTitle.swift */,
			);
			path = Texts;
			sourceTree = "<group>";
		};
		3FDE253A2B63B85A00720449 /* BBackground */ = {
			isa = PBXGroup;
			children = (
				3FDE253F2B63B93D00720449 /* backgroundLogin.swift */,
			);
			path = BBackground;
			sourceTree = "<group>";
		};
		3FDE25422B67A45B00720449 /* ViewModel */ = {
			isa = PBXGroup;
			children = (
				3F9935E62B6A483D00992403 /* HomeViewModel */,
				3FDE25442B67A48900720449 /* LoginViewModel.swift */,
			);
			path = ViewModel;
			sourceTree = "<group>";
		};
		3FDE25482B67A6D800720449 /* View */ = {
			isa = PBXGroup;
			children = (
				3FDE25222B6256B000720449 /* Screens */,
				3FDE25272B6277A700720449 /* UI */,
			);
			path = View;
			sourceTree = "<group>";
		};
		3FE7D8D92B6CDAA600795D70 /* HomeView */ = {
			isa = PBXGroup;
			children = (
				3F9935FA2B6B9BBD00992403 /* TabBar */,
				3FE7D8DE2B6CDB4B00795D70 /* HomeTitle.swift */,
			);
			path = HomeView;
			sourceTree = "<group>";
		};
		3FEE0FBA2B5FD7E200E75F2F = {
			isa = PBXGroup;
			children = (
				3FDE25482B67A6D800720449 /* View */,
				3FDE25422B67A45B00720449 /* ViewModel */,
				3FEE0FC52B5FD7E200E75F2F /* Test */,
				3FEE0FC42B5FD7E200E75F2F /* Products */,
			);
			sourceTree = "<group>";
		};
		3FEE0FC42B5FD7E200E75F2F /* Products */ = {
			isa = PBXGroup;
			children = (
				3FEE0FC32B5FD7E200E75F2F /* Test.app */,
			);
			name = Products;
			sourceTree = "<group>";
		};
		3FEE0FC52B5FD7E200E75F2F /* Test */ = {
			isa = PBXGroup;
			children = (
				3FEE0FC62B5FD7E200E75F2F /* TestApp.swift */,
				3FDE25232B6256C000720449 /* Support */,
				3FDE25242B62585F00720449 /* Extensions */,
				3FEE0FCA2B5FD7E400E75F2F /* Assets.xcassets */,
				3FEE0FCC2B5FD7E400E75F2F /* Preview Content */,
			);
			path = Test;
			sourceTree = "<group>";
		};
		3FEE0FCC2B5FD7E400E75F2F /* Preview Content */ = {
			isa = PBXGroup;
			children = (
				3FEE0FCD2B5FD7E400E75F2F /* Preview Assets.xcassets */,
			);
			path = "Preview Content";
			sourceTree = "<group>";
		};
/* End PBXGroup section */

/* Begin PBXNativeTarget section */
		3FEE0FC22B5FD7E200E75F2F /* Test */ = {
			isa = PBXNativeTarget;
			buildConfigurationList = 3FEE0FD12B5FD7E400E75F2F /* Build configuration list for PBXNativeTarget "Test" */;
			buildPhases = (
				3FEE0FBF2B5FD7E200E75F2F /* Sources */,
				3FEE0FC02B5FD7E200E75F2F /* Frameworks */,
				3FEE0FC12B5FD7E200E75F2F /* Resources */,
			);
			buildRules = (
			);
			dependencies = (
			);
			name = Test;
			productName = Test;
			productReference = 3FEE0FC32B5FD7E200E75F2F /* Test.app */;
			productType = "com.apple.product-type.application";
		};
/* End PBXNativeTarget section */

/* Begin PBXProject section */
		3FEE0FBB2B5FD7E200E75F2F /* Project object */ = {
			isa = PBXProject;
			attributes = {
				BuildIndependentTargetsInParallel = 1;
				LastSwiftUpdateCheck = 1410;
				LastUpgradeCheck = 1410;
				TargetAttributes = {
					3FEE0FC22B5FD7E200E75F2F = {
						CreatedOnToolsVersion = 14.1;
					};
				};
			};
			buildConfigurationList = 3FEE0FBE2B5FD7E200E75F2F /* Build configuration list for PBXProject "Test" */;
			compatibilityVersion = "Xcode 14.0";
			developmentRegion = en;
			hasScannedForEncodings = 0;
			knownRegions = (
				en,
				Base,
			);
			mainGroup = 3FEE0FBA2B5FD7E200E75F2F;
			productRefGroup = 3FEE0FC42B5FD7E200E75F2F /* Products */;
			projectDirPath = "";
			projectRoot = "";
			targets = (
				3FEE0FC22B5FD7E200E75F2F /* Test */,
			);
		};
/* End PBXProject section */

/* Begin PBXResourcesBuildPhase section */
		3FEE0FC12B5FD7E200E75F2F /* Resources */ = {
			isa = PBXResourcesBuildPhase;
			buildActionMask = 2147483647;
			files = (
				3FEE0FCE2B5FD7E400E75F2F /* Preview Assets.xcassets in Resources */,
				3FEE0FCB2B5FD7E400E75F2F /* Assets.xcassets in Resources */,
			);
			runOnlyForDeploymentPostprocessing = 0;
		};
/* End PBXResourcesBuildPhase section */

/* Begin PBXSourcesBuildPhase section */
		3FEE0FBF2B5FD7E200E75F2F /* Sources */ = {
			isa = PBXSourcesBuildPhase;
			buildActionMask = 2147483647;
			files = (
				3F9935EE2B6A5A8E00992403 /* ScrollTopics.swift in Sources */,
				3FDE25372B63A3BE00720449 /* Title.swift in Sources */,
				3F9935DE2B690CC200992403 /* HomeView.swift in Sources */,
				3F9935F32B6B90D100992403 /* ScrollPopularDoctor.swift in Sources */,
				3FE7D8DF2B6CDB4B00795D70 /* HomeTitle.swift in Sources */,
				3FEE0FC92B5FD7E200E75F2F /* LoginView.swift in Sources */,
				3FDE25322B627FEF00720449 /* LoginTextField.swift in Sources */,
				3F9935EA2B6A48C100992403 /* ScrollLiveDoctors.swift in Sources */,
				3F9935F12B6A5EAB00992403 /* Topic1.swift in Sources */,
				3FDE25392B63A73E00720449 /* SubTitle.swift in Sources */,
				3F9935E22B6A389A00992403 /* SearchTextField.swift in Sources */,
				3FDE25342B62803300720449 /* PasswordTextField.swift in Sources */,
				3FDE25402B63B93D00720449 /* backgroundLogin.swift in Sources */,
				3FDE252D2B627B9A00720449 /* LoginButton.swift in Sources */,
				3FDE252F2B627D0000720449 /* TextButton.swift in Sources */,
				3FDE25452B67A48900720449 /* LoginViewModel.swift in Sources */,
				3F9935F72B6B92D400992403 /* PopularDoctor.swift in Sources */,
				3FEE0FC72B5FD7E200E75F2F /* TestApp.swift in Sources */,
				3FDE252B2B62787B00720449 /* LinkButton.swift in Sources */,
				3FDE25262B62588200720449 /* Font+Extension.swift in Sources */,
				3FDE25212B6253C800720449 /* StringConstants.swift in Sources */,
				3F9935E52B6A466A00992403 /* ScrollLiveDoctorsView.swift in Sources */,
				3F9935FC2B6B9BCF00992403 /* TabBar.swift in Sources */,
			);
			runOnlyForDeploymentPostprocessing = 0;
		};
/* End PBXSourcesBuildPhase section */

/* Begin XCBuildConfiguration section */
		3FEE0FCF2B5FD7E400E75F2F /* Debug */ = {
			isa = XCBuildConfiguration;
			buildSettings = {
				ALWAYS_SEARCH_USER_PATHS = NO;
				CLANG_ANALYZER_NONNULL = YES;
				CLANG_ANALYZER_NUMBER_OBJECT_CONVERSION = YES_AGGRESSIVE;
				CLANG_CXX_LANGUAGE_STANDARD = "gnu++20";
				CLANG_ENABLE_MODULES = YES;
				CLANG_ENABLE_OBJC_ARC = YES;
				CLANG_ENABLE_OBJC_WEAK = YES;
				CLANG_WARN_BLOCK_CAPTURE_AUTORELEASING = YES;
				CLANG_WARN_BOOL_CONVERSION = YES;
				CLANG_WARN_COMMA = YES;
				CLANG_WARN_CONSTANT_CONVERSION = YES;
				CLANG_WARN_DEPRECATED_OBJC_IMPLEMENTATIONS = YES;
				CLANG_WARN_DIRECT_OBJC_ISA_USAGE = YES_ERROR;
				CLANG_WARN_DOCUMENTATION_COMMENTS = YES;
				CLANG_WARN_EMPTY_BODY = YES;
				CLANG_WARN_ENUM_CONVERSION = YES;
				CLANG_WARN_INFINITE_RECURSION = YES;
				CLANG_WARN_INT_CONVERSION = YES;
				CLANG_WARN_NON_LITERAL_NULL_CONVERSION = YES;
				CLANG_WARN_OBJC_IMPLICIT_RETAIN_SELF = YES;
				CLANG_WARN_OBJC_LITERAL_CONVERSION = YES;
				CLANG_WARN_OBJC_ROOT_CLASS = YES_ERROR;
				CLANG_WARN_QUOTED_INCLUDE_IN_FRAMEWORK_HEADER = YES;
				CLANG_WARN_RANGE_LOOP_ANALYSIS = YES;
				CLANG_WARN_STRICT_PROTOTYPES = YES;
				CLANG_WARN_SUSPICIOUS_MOVE = YES;
				CLANG_WARN_UNGUARDED_AVAILABILITY = YES_AGGRESSIVE;
				CLANG_WARN_UNREACHABLE_CODE = YES;
				CLANG_WARN__DUPLICATE_METHOD_MATCH = YES;
				COPY_PHASE_STRIP = NO;
				DEBUG_INFORMATION_FORMAT = dwarf;
				ENABLE_STRICT_OBJC_MSGSEND = YES;
				ENABLE_TESTABILITY = YES;
				GCC_C_LANGUAGE_STANDARD = gnu11;
				GCC_DYNAMIC_NO_PIC = NO;
				GCC_NO_COMMON_BLOCKS = YES;
				GCC_OPTIMIZATION_LEVEL = 0;
				GCC_PREPROCESSOR_DEFINITIONS = (
					"DEBUG=1",
					"$(inherited)",
				);
				GCC_WARN_64_TO_32_BIT_CONVERSION = YES;
				GCC_WARN_ABOUT_RETURN_TYPE = YES_ERROR;
				GCC_WARN_UNDECLARED_SELECTOR = YES;
				GCC_WARN_UNINITIALIZED_AUTOS = YES_AGGRESSIVE;
				GCC_WARN_UNUSED_FUNCTION = YES;
				GCC_WARN_UNUSED_VARIABLE = YES;
				IPHONEOS_DEPLOYMENT_TARGET = 16.1;
				MTL_ENABLE_DEBUG_INFO = INCLUDE_SOURCE;
				MTL_FAST_MATH = YES;
				ONLY_ACTIVE_ARCH = YES;
				SDKROOT = iphoneos;
				SWIFT_ACTIVE_COMPILATION_CONDITIONS = DEBUG;
				SWIFT_OPTIMIZATION_LEVEL = "-Onone";
			};
			name = Debug;
		};
		3FEE0FD02B5FD7E400E75F2F /* Release */ = {
			isa = XCBuildConfiguration;
			buildSettings = {
				ALWAYS_SEARCH_USER_PATHS = NO;
				CLANG_ANALYZER_NONNULL = YES;
				CLANG_ANALYZER_NUMBER_OBJECT_CONVERSION = YES_AGGRESSIVE;
				CLANG_CXX_LANGUAGE_STANDARD = "gnu++20";
				CLANG_ENABLE_MODULES = YES;
				CLANG_ENABLE_OBJC_ARC = YES;
				CLANG_ENABLE_OBJC_WEAK = YES;
				CLANG_WARN_BLOCK_CAPTURE_AUTORELEASING = YES;
				CLANG_WARN_BOOL_CONVERSION = YES;
				CLANG_WARN_COMMA = YES;
				CLANG_WARN_CONSTANT_CONVERSION = YES;
				CLANG_WARN_DEPRECATED_OBJC_IMPLEMENTATIONS = YES;
				CLANG_WARN_DIRECT_OBJC_ISA_USAGE = YES_ERROR;
				CLANG_WARN_DOCUMENTATION_COMMENTS = YES;
				CLANG_WARN_EMPTY_BODY = YES;
				CLANG_WARN_ENUM_CONVERSION = YES;
				CLANG_WARN_INFINITE_RECURSION = YES;
				CLANG_WARN_INT_CONVERSION = YES;
				CLANG_WARN_NON_LITERAL_NULL_CONVERSION = YES;
				CLANG_WARN_OBJC_IMPLICIT_RETAIN_SELF = YES;
				CLANG_WARN_OBJC_LITERAL_CONVERSION = YES;
				CLANG_WARN_OBJC_ROOT_CLASS = YES_ERROR;
				CLANG_WARN_QUOTED_INCLUDE_IN_FRAMEWORK_HEADER = YES;
				CLANG_WARN_RANGE_LOOP_ANALYSIS = YES;
				CLANG_WARN_STRICT_PROTOTYPES = YES;
				CLANG_WARN_SUSPICIOUS_MOVE = YES;
				CLANG_WARN_UNGUARDED_AVAILABILITY = YES_AGGRESSIVE;
				CLANG_WARN_UNREACHABLE_CODE = YES;
				CLANG_WARN__DUPLICATE_METHOD_MATCH = YES;
				COPY_PHASE_STRIP = NO;
				DEBUG_INFORMATION_FORMAT = "dwarf-with-dsym";
				ENABLE_NS_ASSERTIONS = NO;
				ENABLE_STRICT_OBJC_MSGSEND = YES;
				GCC_C_LANGUAGE_STANDARD = gnu11;
				GCC_NO_COMMON_BLOCKS = YES;
				GCC_WARN_64_TO_32_BIT_CONVERSION = YES;
				GCC_WARN_ABOUT_RETURN_TYPE = YES_ERROR;
				GCC_WARN_UNDECLARED_SELECTOR = YES;
				GCC_WARN_UNINITIALIZED_AUTOS = YES_AGGRESSIVE;
				GCC_WARN_UNUSED_FUNCTION = YES;
				GCC_WARN_UNUSED_VARIABLE = YES;
				IPHONEOS_DEPLOYMENT_TARGET = 16.1;
				MTL_ENABLE_DEBUG_INFO = NO;
				MTL_FAST_MATH = YES;
				SDKROOT = iphoneos;
				SWIFT_COMPILATION_MODE = wholemodule;
				SWIFT_OPTIMIZATION_LEVEL = "-O";
				VALIDATE_PRODUCT = YES;
			};
			name = Release;
		};
		3FEE0FD22B5FD7E400E75F2F /* Debug */ = {
			isa = XCBuildConfiguration;
			buildSettings = {
				ASSETCATALOG_COMPILER_APPICON_NAME = AppIcon;
				ASSETCATALOG_COMPILER_GLOBAL_ACCENT_COLOR_NAME = AccentColor;
				CODE_SIGN_STYLE = Automatic;
				CURRENT_PROJECT_VERSION = 1;
				DEVELOPMENT_ASSET_PATHS = "\"Test/Preview Content\"";
				ENABLE_PREVIEWS = YES;
				GENERATE_INFOPLIST_FILE = YES;
				INFOPLIST_KEY_UIApplicationSceneManifest_Generation = YES;
				INFOPLIST_KEY_UIApplicationSupportsIndirectInputEvents = YES;
				INFOPLIST_KEY_UILaunchScreen_Generation = YES;
				INFOPLIST_KEY_UISupportedInterfaceOrientations_iPad = "UIInterfaceOrientationPortrait UIInterfaceOrientationPortraitUpsideDown UIInterfaceOrientationLandscapeLeft UIInterfaceOrientationLandscapeRight";
				INFOPLIST_KEY_UISupportedInterfaceOrientations_iPhone = "UIInterfaceOrientationPortrait UIInterfaceOrientationLandscapeLeft UIInterfaceOrientationLandscapeRight";
				LD_RUNPATH_SEARCH_PATHS = (
					"$(inherited)",
					"@executable_path/Frameworks",
				);
				MARKETING_VERSION = 1.0;
				PRODUCT_BUNDLE_IDENTIFIER = studentTest.Test;
				PRODUCT_NAME = "$(TARGET_NAME)";
				SWIFT_EMIT_LOC_STRINGS = YES;
				SWIFT_VERSION = 5.0;
				TARGETED_DEVICE_FAMILY = "1,2";
			};
			name = Debug;
		};
		3FEE0FD32B5FD7E400E75F2F /* Release */ = {
			isa = XCBuildConfiguration;
			buildSettings = {
				ASSETCATALOG_COMPILER_APPICON_NAME = AppIcon;
				ASSETCATALOG_COMPILER_GLOBAL_ACCENT_COLOR_NAME = AccentColor;
				CODE_SIGN_STYLE = Automatic;
				CURRENT_PROJECT_VERSION = 1;
				DEVELOPMENT_ASSET_PATHS = "\"Test/Preview Content\"";
				ENABLE_PREVIEWS = YES;
				GENERATE_INFOPLIST_FILE = YES;
				INFOPLIST_KEY_UIApplicationSceneManifest_Generation = YES;
				INFOPLIST_KEY_UIApplicationSupportsIndirectInputEvents = YES;
				INFOPLIST_KEY_UILaunchScreen_Generation = YES;
				INFOPLIST_KEY_UISupportedInterfaceOrientations_iPad = "UIInterfaceOrientationPortrait UIInterfaceOrientationPortraitUpsideDown UIInterfaceOrientationLandscapeLeft UIInterfaceOrientationLandscapeRight";
				INFOPLIST_KEY_UISupportedInterfaceOrientations_iPhone = "UIInterfaceOrientationPortrait UIInterfaceOrientationLandscapeLeft UIInterfaceOrientationLandscapeRight";
				LD_RUNPATH_SEARCH_PATHS = (
					"$(inherited)",
					"@executable_path/Frameworks",
				);
				MARKETING_VERSION = 1.0;
				PRODUCT_BUNDLE_IDENTIFIER = studentTest.Test;
				PRODUCT_NAME = "$(TARGET_NAME)";
				SWIFT_EMIT_LOC_STRINGS = YES;
				SWIFT_VERSION = 5.0;
				TARGETED_DEVICE_FAMILY = "1,2";
			};
			name = Release;
		};
/* End XCBuildConfiguration section */

/* Begin XCConfigurationList section */
		3FEE0FBE2B5FD7E200E75F2F /* Build configuration list for PBXProject "Test" */ = {
			isa = XCConfigurationList;
			buildConfigurations = (
				3FEE0FCF2B5FD7E400E75F2F /* Debug */,
				3FEE0FD02B5FD7E400E75F2F /* Release */,
			);
			defaultConfigurationIsVisible = 0;
			defaultConfigurationName = Release;
		};
		3FEE0FD12B5FD7E400E75F2F /* Build configuration list for PBXNativeTarget "Test" */ = {
			isa = XCConfigurationList;
			buildConfigurations = (
				3FEE0FD22B5FD7E400E75F2F /* Debug */,
				3FEE0FD32B5FD7E400E75F2F /* Release */,
			);
			defaultConfigurationIsVisible = 0;
			defaultConfigurationName = Release;
		};
/* End XCConfigurationList section */
	};
	rootObject = 3FEE0FBB2B5FD7E200E75F2F /* Project object */;
}
